
Microsoft Visual Studio Solution File, Format Version 12.00
# Visual Studio Version 17
VisualStudioVersion = 17.7.34031.279
MinimumVisualStudioVersion = 10.0.40219.1
Project("{9A19103F-16F7-4668-BE54-9A1E7A4F7556}") = "GeicoInterviewApp", "GeicoInterviewApp.csproj", "{8FB092D0-87AC-4369-97CA-7161705A5615}"
EndProject
Project("{9A19103F-16F7-4668-BE54-9A1E7A4F7556}") = "GeicoInterviewAppTest", "..\GeicoInterviewAppTest\GeicoInterviewAppTest.csproj", "{F868C5F2-ACF5-4C4F-B1A6-CDBADEDFD519}"
EndProject
Project("{2150E333-8FDC-42A3-9474-1A3956D46DE8}") = "Solution Items", "Solution Items", "{DB7C35E8-A912-4C28-9241-A906E6E39E11}"
	ProjectSection(SolutionItems) = preProject
		..\README.md = ..\README.md
	EndProjectSection
EndProject
Global
	GlobalSection(SolutionConfigurationPlatforms) = preSolution
		Debug|Any CPU = Debug|Any CPU
		Release|Any CPU = Release|Any CPU
	EndGlobalSection
	GlobalSection(ProjectConfigurationPlatforms) = postSolution
		{8FB092D0-87AC-4369-97CA-7161705A5615}.Debug|Any CPU.ActiveCfg = Debug|Any CPU
		{8FB092D0-87AC-4369-97CA-7161705A5615}.Debug|Any CPU.Build.0 = Debug|Any CPU
		{8FB092D0-87AC-4369-97CA-7161705A5615}.Release|Any CPU.ActiveCfg = Release|Any CPU
		{8FB092D0-87AC-4369-97CA-7161705A5615}.Release|Any CPU.Build.0 = Release|Any CPU
		{F868C5F2-ACF5-4C4F-B1A6-CDBADEDFD519}.Debug|Any CPU.ActiveCfg = Debug|Any CPU
		{F868C5F2-ACF5-4C4F-B1A6-CDBADEDFD519}.Debug|Any CPU.Build.0 = Debug|Any CPU
		{F868C5F2-ACF5-4C4F-B1A6-CDBADEDFD519}.Release|Any CPU.ActiveCfg = Release|Any CPU
		{F868C5F2-ACF5-4C4F-B1A6-CDBADEDFD519}.Release|Any CPU.Build.0 = Release|Any CPU
	EndGlobalSection
	GlobalSection(SolutionProperties) = preSolution
		HideSolutionNode = FALSE
	EndGlobalSection
	GlobalSection(ExtensibilityGlobals) = postSolution
		SolutionGuid = {0BD8E9C0-C6C2-406D-AD16-9A1B84BD2BF7}
	EndGlobalSection
EndGlobal
